{
  "name": "淮味云膳v4",
  "lockfileVersion": 3,
  "requires": true,
  "packages": {
    "": {
      "dependencies": {
        "@capacitor/android": "^8.2.0"
      }
    },
    "node_modules/@capacitor/android": {
      "version": "8.2.0",
      "resolved": "https://registry.npmjs.org/@capacitor/android/-/android-8.2.0.tgz",
      "integrity": "sha512-XLm5OsWLPfXQxDxzFS7SOdMEgGvW+2c7TGLXkTR2cSKdkWK5Abns4imlT5qghKYhjM9r74IrDkBWg/9ALUGNKQ==",
      "license": "MIT",
      "peerDependencies": {
        "@capacitor/core": "^8.2.0"
      }
    },
    "node_modules/@capacitor/core": {
      "version": "8.2.0",
      "resolved": "https://registry.npmjs.org/@capacitor/core/-/core-8.2.0.tgz",
      "integrity": "sha512-oKaoNeNtH2iIZMDFVrb1atoyRECDGHcfLMunJ5KWN8DtvpVBeeA4c41e20NTuhMxw1cSYbpq2PV2hb+/9CJxlQ==",
      "license": "MIT",
      "peer": true,
      "dependencies": {
        "tslib": "^2.1.0"
      }
    },
    "node_modules/tslib": {
      "version": "2.8.1",
      "license": "0BSD",
      "peer": true
    }
  }
}
